
Microsoft Visual Studio Solution File, Format Version 12.00
# Visual Studio Version 16
VisualStudioVersion = 16.0.30114.105
MinimumVisualStudioVersion = 10.0.40219.1
Project("{2150E333-8FDC-42A3-9474-1A3956D46DE8}") = "src", "src", "{34F75A6D-B689-4B1D-AA8F-66592D410252}"
EndProject
Project("{FAE04EC0-301F-11D3-BF4B-00C04F79EFBC}") = "GradeBook", "src\GradeBook\GradeBook.csproj", "{3D2D2D2C-6891-4A98-AE8E-275B290913F4}"
EndProject
Global
	GlobalSection(SolutionConfigurationPlatforms) = preSolution
		Debug|Any CPU = Debug|Any CPU
		Release|Any CPU = Release|Any CPU
	EndGlobalSection
	GlobalSection(SolutionProperties) = preSolution
		HideSolutionNode = FALSE
	EndGlobalSection
	GlobalSection(ProjectConfigurationPlatforms) = postSolution
		{3D2D2D2C-6891-4A98-AE8E-275B290913F4}.Debug|Any CPU.ActiveCfg = Debug|Any CPU
		{3D2D2D2C-6891-4A98-AE8E-275B290913F4}.Debug|Any CPU.Build.0 = Debug|Any CPU
		{3D2D2D2C-6891-4A98-AE8E-275B290913F4}.Release|Any CPU.ActiveCfg = Release|Any CPU
		{3D2D2D2C-6891-4A98-AE8E-275B290913F4}.Release|Any CPU.Build.0 = Release|Any CPU
	EndGlobalSection
	GlobalSection(NestedProjects) = preSolution
		{3D2D2D2C-6891-4A98-AE8E-275B290913F4} = {34F75A6D-B689-4B1D-AA8F-66592D410252}
	EndGlobalSection
EndGlobal
